
Microsoft Visual Studio Solution File, Format Version 12.00
# Visual Studio Version 17
VisualStudioVersion = 17.7.34221.43
MinimumVisualStudioVersion = 10.0.40219.1
Project("{9A19103F-16F7-4668-BE54-9A1E7A4F7556}") = "WaterFiltrationPRO", "WaterFiltrationPRO\WaterFiltrationPRO.csproj", "{07C946CF-CD7A-4BBF-A7EF-3C76A83319DD}"
EndProject
Project("{9A19103F-16F7-4668-BE54-9A1E7A4F7556}") = "InspectTool", "InspectTool\InspectTool.csproj", "{4DC0B27F-8AB7-4FDC-87D9-BD0EA2955FC1}"
EndProject
Project("{9A19103F-16F7-4668-BE54-9A1E7A4F7556}") = "PDA_Reboot", "PDA_Reboot\PDA_Reboot.csproj", "{AB04C68B-4528-4EE1-BA12-8E94CF4737AC}"
EndProject
Project("{9A19103F-16F7-4668-BE54-9A1E7A4F7556}") = "Feedback Reminder Be Gone", "Feedback Reminder Be Gone\Feedback Reminder Be Gone.csproj", "{215CE933-D7C6-4EF7-944B-8C915F123DF1}"
EndProject
Project("{9A19103F-16F7-4668-BE54-9A1E7A4F7556}") = "Eye_Friendly_Flare", "Eye_Friendly_Flare\Eye_Friendly_Flare.csproj", "{C75148CB-9CA5-4456-9723-7AC5B3AF938D}"
EndProject
Project("{9A19103F-16F7-4668-BE54-9A1E7A4F7556}") = "DrillableScan", "DrillableScan\DrillableScan.csproj", "{3DED73C4-1F92-41BC-9CE4-5C83448E9A50}"
EndProject
Project("{FAE04EC0-301F-11D3-BF4B-00C04F79EFBC}") = "DeleteCookedFish", "Remove_Cooked_Fish\DeleteCookedFish.csproj", "{59B9E6CE-759D-42A9-871E-67DDC210B361}"
EndProject
Global
	GlobalSection(SolutionConfigurationPlatforms) = preSolution
		Debug|Any CPU = Debug|Any CPU
		Release|Any CPU = Release|Any CPU
	EndGlobalSection
	GlobalSection(ProjectConfigurationPlatforms) = postSolution
		{07C946CF-CD7A-4BBF-A7EF-3C76A83319DD}.Debug|Any CPU.ActiveCfg = Debug|Any CPU
		{07C946CF-CD7A-4BBF-A7EF-3C76A83319DD}.Debug|Any CPU.Build.0 = Debug|Any CPU
		{07C946CF-CD7A-4BBF-A7EF-3C76A83319DD}.Release|Any CPU.ActiveCfg = Release|Any CPU
		{07C946CF-CD7A-4BBF-A7EF-3C76A83319DD}.Release|Any CPU.Build.0 = Release|Any CPU
		{4DC0B27F-8AB7-4FDC-87D9-BD0EA2955FC1}.Debug|Any CPU.ActiveCfg = Debug|Any CPU
		{4DC0B27F-8AB7-4FDC-87D9-BD0EA2955FC1}.Debug|Any CPU.Build.0 = Debug|Any CPU
		{4DC0B27F-8AB7-4FDC-87D9-BD0EA2955FC1}.Release|Any CPU.ActiveCfg = Release|Any CPU
		{4DC0B27F-8AB7-4FDC-87D9-BD0EA2955FC1}.Release|Any CPU.Build.0 = Release|Any CPU
		{AB04C68B-4528-4EE1-BA12-8E94CF4737AC}.Debug|Any CPU.ActiveCfg = Debug|Any CPU
		{AB04C68B-4528-4EE1-BA12-8E94CF4737AC}.Debug|Any CPU.Build.0 = Debug|Any CPU
		{AB04C68B-4528-4EE1-BA12-8E94CF4737AC}.Release|Any CPU.ActiveCfg = Release|Any CPU
		{AB04C68B-4528-4EE1-BA12-8E94CF4737AC}.Release|Any CPU.Build.0 = Release|Any CPU
		{215CE933-D7C6-4EF7-944B-8C915F123DF1}.Debug|Any CPU.ActiveCfg = Debug|Any CPU
		{215CE933-D7C6-4EF7-944B-8C915F123DF1}.Debug|Any CPU.Build.0 = Debug|Any CPU
		{215CE933-D7C6-4EF7-944B-8C915F123DF1}.Release|Any CPU.ActiveCfg = Release|Any CPU
		{215CE933-D7C6-4EF7-944B-8C915F123DF1}.Release|Any CPU.Build.0 = Release|Any CPU
		{C75148CB-9CA5-4456-9723-7AC5B3AF938D}.Debug|Any CPU.ActiveCfg = Debug|Any CPU
		{C75148CB-9CA5-4456-9723-7AC5B3AF938D}.Debug|Any CPU.Build.0 = Debug|Any CPU
		{C75148CB-9CA5-4456-9723-7AC5B3AF938D}.Release|Any CPU.ActiveCfg = Release|Any CPU
		{C75148CB-9CA5-4456-9723-7AC5B3AF938D}.Release|Any CPU.Build.0 = Release|Any CPU
		{3DED73C4-1F92-41BC-9CE4-5C83448E9A50}.Debug|Any CPU.ActiveCfg = Debug|Any CPU
		{3DED73C4-1F92-41BC-9CE4-5C83448E9A50}.Debug|Any CPU.Build.0 = Debug|Any CPU
		{3DED73C4-1F92-41BC-9CE4-5C83448E9A50}.Release|Any CPU.ActiveCfg = Release|Any CPU
		{3DED73C4-1F92-41BC-9CE4-5C83448E9A50}.Release|Any CPU.Build.0 = Release|Any CPU
		{59B9E6CE-759D-42A9-871E-67DDC210B361}.Debug|Any CPU.ActiveCfg = Debug|Any CPU
		{59B9E6CE-759D-42A9-871E-67DDC210B361}.Debug|Any CPU.Build.0 = Debug|Any CPU
		{59B9E6CE-759D-42A9-871E-67DDC210B361}.Release|Any CPU.ActiveCfg = Release|Any CPU
		{59B9E6CE-759D-42A9-871E-67DDC210B361}.Release|Any CPU.Build.0 = Release|Any CPU
	EndGlobalSection
	GlobalSection(SolutionProperties) = preSolution
		HideSolutionNode = FALSE
	EndGlobalSection
	GlobalSection(ExtensibilityGlobals) = postSolution
		SolutionGuid = {B35B2587-8D65-47CB-AD3A-8B6F0572D611}
	EndGlobalSection
EndGlobal
